// !$*UTF8*$!
{
	archiveVersion = 1;
	classes = {
	};
	objectVersion = 56;
	objects = {

/* Begin PBXBuildFile section */
		1AA6EDF22C5B51FB0033FB09 /* TodoApp.swift in Sources */ = {isa = PBXBuildFile; fileRef = 1AA6EDF12C5B51FB0033FB09 /* TodoApp.swift */; };
		1AA6EDF42C5B51FB0033FB09 /* ContentView.swift in Sources */ = {isa = PBXBuildFile; fileRef = 1AA6EDF32C5B51FB0033FB09 /* ContentView.swift */; };
		1AA6EDF62C5B51FC0033FB09 /* Assets.xcassets in Resources */ = {isa = PBXBuildFile; fileRef = 1AA6EDF52C5B51FC0033FB09 /* Assets.xcassets */; };
		1AA6EDF92C5B51FC0033FB09 /* Preview Assets.xcassets in Resources */ = {isa = PBXBuildFile; fileRef = 1AA6EDF82C5B51FC0033FB09 /* Preview Assets.xcassets */; };
		1AA6EE042C5B51FC0033FB09 /* TodoTests.swift in Sources */ = {isa = PBXBuildFile; fileRef = 1AA6EE032C5B51FC0033FB09 /* TodoTests.swift */; };
		1AA6EE0E2C5B51FC0033FB09 /* TodoUITests.swift in Sources */ = {isa = PBXBuildFile; fileRef = 1AA6EE0D2C5B51FC0033FB09 /* TodoUITests.swift */; };
		1AA6EE102C5B51FC0033FB09 /* TodoUITestsLaunchTests.swift in Sources */ = {isa = PBXBuildFile; fileRef = 1AA6EE0F2C5B51FC0033FB09 /* TodoUITestsLaunchTests.swift */; };
/* End PBXBuildFile section */

/* Begin PBXContainerItemProxy section */
		1AA6EE002C5B51FC0033FB09 /* PBXContainerItemProxy */ = {
			isa = PBXContainerItemProxy;
			containerPortal = 1AA6EDE62C5B51FB0033FB09 /* Project object */;
			proxyType = 1;
			remoteGlobalIDString = 1AA6EDED2C5B51FB0033FB09;
			remoteInfo = Todo;
		};
		1AA6EE0A2C5B51FC0033FB09 /* PBXContainerItemProxy */ = {
			isa = PBXContainerItemProxy;
			containerPortal = 1AA6EDE62C5B51FB0033FB09 /* Project object */;
			proxyType = 1;
			remoteGlobalIDString = 1AA6EDED2C5B51FB0033FB09;
			remoteInfo = Todo;
		};
/* End PBXContainerItemProxy section */

/* Begin PBXFileReference section */
		1AA6EDEE2C5B51FB0033FB09 /* Todo.app */ = {isa = PBXFileReference; explicitFileType = wrapper.application; includeInIndex = 0; path = Todo.app; sourceTree = BUILT_PRODUCTS_DIR; };
		1AA6EDF12C5B51FB0033FB09 /* TodoApp.swift */ = {isa = PBXFileReference; lastKnownFileType = sourcecode.swift; path = TodoApp.swift; sourceTree = "<group>"; };
		1AA6EDF32C5B51FB0033FB09 /* ContentView.swift */ = {isa = PBXFileReference; lastKnownFileType = sourcecode.swift; path = ContentView.swift; sourceTree = "<group>"; };
		1AA6EDF52C5B51FC0033FB09 /* Assets.xcassets */ = {isa = PBXFileReference; lastKnownFileType = folder.assetcatalog; path = Assets.xcassets; sourceTree = "<group>"; };
		1AA6EDF82C5B51FC0033FB09 /* Preview Assets.xcassets */ = {isa = PBXFileReference; lastKnownFileType = folder.assetcatalog; path = "Preview Assets.xcassets"; sourceTree = "<group>"; };
		1AA6EDFA2C5B51FC0033FB09 /* Todo.entitlements */ = {isa = PBXFileReference; lastKnownFileType = text.plist.entitlements; path = Todo.entitlements; sourceTree = "<group>"; };
		1AA6EDFF2C5B51FC0033FB09 /* TodoTests.xctest */ = {isa = PBXFileReference; explicitFileType = wrapper.cfbundle; includeInIndex = 0; path = TodoTests.xctest; sourceTree = BUILT_PRODUCTS_DIR; };
		1AA6EE032C5B51FC0033FB09 /* TodoTests.swift */ = {isa = PBXFileReference; lastKnownFileType = sourcecode.swift; path = TodoTests.swift; sourceTree = "<group>"; };
		1AA6EE092C5B51FC0033FB09 /* TodoUITests.xctest */ = {isa = PBXFileReference; explicitFileType = wrapper.cfbundle; includeInIndex = 0; path = TodoUITests.xctest; sourceTree = BUILT_PRODUCTS_DIR; };
		1AA6EE0D2C5B51FC0033FB09 /* TodoUITests.swift */ = {isa = PBXFileReference; lastKnownFileType = sourcecode.swift; path = TodoUITests.swift; sourceTree = "<group>"; };
		1AA6EE0F2C5B51FC0033FB09 /* TodoUITestsLaunchTests.swift */ = {isa = PBXFileReference; lastKnownFileType = sourcecode.swift; path = TodoUITestsLaunchTests.swift; sourceTree = "<group>"; };
/* End PBXFileReference section */

/* Begin PBXFrameworksBuildPhase section */
		1AA6EDEB2C5B51FB0033FB09 /* Frameworks */ = {
			isa = PBXFrameworksBuildPhase;
			buildActionMask = 2147483647;
			files = (
			);
			runOnlyForDeploymentPostprocessing = 0;
		};
		1AA6EDFC2C5B51FC0033FB09 /* Frameworks */ = {
			isa = PBXFrameworksBuildPhase;
			buildActionMask = 2147483647;
			files = (
			);
			runOnlyForDeploymentPostprocessing = 0;
		};
		1AA6EE062C5B51FC0033FB09 /* Frameworks */ = {
			isa = PBXFrameworksBuildPhase;
			buildActionMask = 2147483647;
			files = (
			);
			runOnlyForDeploymentPostprocessing = 0;
		};
/* End PBXFrameworksBuildPhase section */

/* Begin PBXGroup section */
		1AA6EDE52C5B51FB0033FB09 = {
			isa = PBXGroup;
			children = (
				1AA6EDF02C5B51FB0033FB09 /* Todo */,
				1AA6EE022C5B51FC0033FB09 /* TodoTests */,
				1AA6EE0C2C5B51FC0033FB09 /* TodoUITests */,
				1AA6EDEF2C5B51FB0033FB09 /* Products */,
			);
			sourceTree = "<group>";
		};
		1AA6EDEF2C5B51FB0033FB09 /* Products */ = {
			isa = PBXGroup;
			children = (
				1AA6EDEE2C5B51FB0033FB09 /* Todo.app */,
				1AA6EDFF2C5B51FC0033FB09 /* TodoTests.xctest */,
				1AA6EE092C5B51FC0033FB09 /* TodoUITests.xctest */,
			);
			name = Products;
			sourceTree = "<group>";
		};
		1AA6EDF02C5B51FB0033FB09 /* Todo */ = {
			isa = PBXGroup;
			children = (
				1AA6EDF12C5B51FB0033FB09 /* TodoApp.swift */,
				1AA6EDF32C5B51FB0033FB09 /* ContentView.swift */,
				1AA6EDF52C5B51FC0033FB09 /* Assets.xcassets */,
				1AA6EDFA2C5B51FC0033FB09 /* Todo.entitlements */,
				1AA6EDF72C5B51FC0033FB09 /* Preview Content */,
			);
			path = Todo;
			sourceTree = "<group>";
		};
		1AA6EDF72C5B51FC0033FB09 /* Preview Content */ = {
			isa = PBXGroup;
			children = (
				1AA6EDF82C5B51FC0033FB09 /* Preview Assets.xcassets */,
			);
			path = "Preview Content";
			sourceTree = "<group>";
		};
		1AA6EE022C5B51FC0033FB09 /* TodoTests */ = {
			isa = PBXGroup;
			children = (
				1AA6EE032C5B51FC0033FB09 /* TodoTests.swift */,
			);
			path = TodoTests;
			sourceTree = "<group>";
		};
		1AA6EE0C2C5B51FC0033FB09 /* TodoUITests */ = {
			isa = PBXGroup;
			children = (
				1AA6EE0D2C5B51FC0033FB09 /* TodoUITests.swift */,
				1AA6EE0F2C5B51FC0033FB09 /* TodoUITestsLaunchTests.swift */,
			);
			path = TodoUITests;
			sourceTree = "<group>";
		};
/* End PBXGroup section */

/* Begin PBXNativeTarget section */
		1AA6EDED2C5B51FB0033FB09 /* Todo */ = {
			isa = PBXNativeTarget;
			buildConfigurationList = 1AA6EE132C5B51FC0033FB09 /* Build configuration list for PBXNativeTarget "Todo" */;
			buildPhases = (
				1AA6EDEA2C5B51FB0033FB09 /* Sources */,
				1AA6EDEB2C5B51FB0033FB09 /* Frameworks */,
				1AA6EDEC2C5B51FB0033FB09 /* Resources */,
			);
			buildRules = (
			);
			dependencies = (
			);
			name = Todo;
			productName = Todo;
			productReference = 1AA6EDEE2C5B51FB0033FB09 /* Todo.app */;
			productType = "com.apple.product-type.application";
		};
		1AA6EDFE2C5B51FC0033FB09 /* TodoTests */ = {
			isa = PBXNativeTarget;
			buildConfigurationList = 1AA6EE162C5B51FC0033FB09 /* Build configuration list for PBXNativeTarget "TodoTests" */;
			buildPhases = (
				1AA6EDFB2C5B51FC0033FB09 /* Sources */,
				1AA6EDFC2C5B51FC0033FB09 /* Frameworks */,
				1AA6EDFD2C5B51FC0033FB09 /* Resources */,
			);
			buildRules = (
			);
			dependencies = (
				1AA6EE012C5B51FC0033FB09 /* PBXTargetDependency */,
			);
			name = TodoTests;
			productName = TodoTests;
			productReference = 1AA6EDFF2C5B51FC0033FB09 /* TodoTests.xctest */;
			productType = "com.apple.product-type.bundle.unit-test";
		};
		1AA6EE082C5B51FC0033FB09 /* TodoUITests */ = {
			isa = PBXNativeTarget;
			buildConfigurationList = 1AA6EE192C5B51FC0033FB09 /* Build configuration list for PBXNativeTarget "TodoUITests" */;
			buildPhases = (
				1AA6EE052C5B51FC0033FB09 /* Sources */,
				1AA6EE062C5B51FC0033FB09 /* Frameworks */,
				1AA6EE072C5B51FC0033FB09 /* Resources */,
			);
			buildRules = (
			);
			dependencies = (
				1AA6EE0B2C5B51FC0033FB09 /* PBXTargetDependency */,
			);
			name = TodoUITests;
			productName = TodoUITests;
			productReference = 1AA6EE092C5B51FC0033FB09 /* TodoUITests.xctest */;
			productType = "com.apple.product-type.bundle.ui-testing";
		};
/* End PBXNativeTarget section */

/* Begin PBXProject section */
		1AA6EDE62C5B51FB0033FB09 /* Project object */ = {
			isa = PBXProject;
			attributes = {
				BuildIndependentTargetsInParallel = 1;
				LastSwiftUpdateCheck = 1540;
				LastUpgradeCheck = 1540;
				TargetAttributes = {
					1AA6EDED2C5B51FB0033FB09 = {
						CreatedOnToolsVersion = 15.4;
					};
					1AA6EDFE2C5B51FC0033FB09 = {
						CreatedOnToolsVersion = 15.4;
						TestTargetID = 1AA6EDED2C5B51FB0033FB09;
					};
					1AA6EE082C5B51FC0033FB09 = {
						CreatedOnToolsVersion = 15.4;
						TestTargetID = 1AA6EDED2C5B51FB0033FB09;
					};
				};
			};
			buildConfigurationList = 1AA6EDE92C5B51FB0033FB09 /* Build configuration list for PBXProject "Todo" */;
			compatibilityVersion = "Xcode 14.0";
			developmentRegion = en;
			hasScannedForEncodings = 0;
			knownRegions = (
				en,
				Base,
			);
			mainGroup = 1AA6EDE52C5B51FB0033FB09;
			productRefGroup = 1AA6EDEF2C5B51FB0033FB09 /* Products */;
			projectDirPath = "";
			projectRoot = "";
			targets = (
				1AA6EDED2C5B51FB0033FB09 /* Todo */,
				1AA6EDFE2C5B51FC0033FB09 /* TodoTests */,
				1AA6EE082C5B51FC0033FB09 /* TodoUITests */,
			);
		};
/* End PBXProject section */

/* Begin PBXResourcesBuildPhase section */
		1AA6EDEC2C5B51FB0033FB09 /* Resources */ = {
			isa = PBXResourcesBuildPhase;
			buildActionMask = 2147483647;
			files = (
				1AA6EDF92C5B51FC0033FB09 /* Preview Assets.xcassets in Resources */,
				1AA6EDF62C5B51FC0033FB09 /* Assets.xcassets in Resources */,
			);
			runOnlyForDeploymentPostprocessing = 0;
		};
		1AA6EDFD2C5B51FC0033FB09 /* Resources */ = {
			isa = PBXResourcesBuildPhase;
			buildActionMask = 2147483647;
			files = (
			);
			runOnlyForDeploymentPostprocessing = 0;
		};
		1AA6EE072C5B51FC0033FB09 /* Resources */ = {
			isa = PBXResourcesBuildPhase;
			buildActionMask = 2147483647;
			files = (
			);
			runOnlyForDeploymentPostprocessing = 0;
		};
/* End PBXResourcesBuildPhase section */

/* Begin PBXSourcesBuildPhase section */
		1AA6EDEA2C5B51FB0033FB09 /* Sources */ = {
			isa = PBXSourcesBuildPhase;
			buildActionMask = 2147483647;
			files = (
				1AA6EDF42C5B51FB0033FB09 /* ContentView.swift in Sources */,
				1AA6EDF22C5B51FB0033FB09 /* TodoApp.swift in Sources */,
			);
			runOnlyForDeploymentPostprocessing = 0;
		};
		1AA6EDFB2C5B51FC0033FB09 /* Sources */ = {
			isa = PBXSourcesBuildPhase;
			buildActionMask = 2147483647;
			files = (
				1AA6EE042C5B51FC0033FB09 /* TodoTests.swift in Sources */,
			);
			runOnlyForDeploymentPostprocessing = 0;
		};
		1AA6EE052C5B51FC0033FB09 /* Sources */ = {
			isa = PBXSourcesBuildPhase;
			buildActionMask = 2147483647;
			files = (
				1AA6EE102C5B51FC0033FB09 /* TodoUITestsLaunchTests.swift in Sources */,
				1AA6EE0E2C5B51FC0033FB09 /* TodoUITests.swift in Sources */,
			);
			runOnlyForDeploymentPostprocessing = 0;
		};
/* End PBXSourcesBuildPhase section */

/* Begin PBXTargetDependency section */
		1AA6EE012C5B51FC0033FB09 /* PBXTargetDependency */ = {
			isa = PBXTargetDependency;
			target = 1AA6EDED2C5B51FB0033FB09 /* Todo */;
			targetProxy = 1AA6EE002C5B51FC0033FB09 /* PBXContainerItemProxy */;
		};
		1AA6EE0B2C5B51FC0033FB09 /* PBXTargetDependency */ = {
			isa = PBXTargetDependency;
			target = 1AA6EDED2C5B51FB0033FB09 /* Todo */;
			targetProxy = 1AA6EE0A2C5B51FC0033FB09 /* PBXContainerItemProxy */;
		};
/* End PBXTargetDependency section */

/* Begin XCBuildConfiguration section */
		1AA6EE112C5B51FC0033FB09 /* Debug */ = {
			isa = XCBuildConfiguration;
			buildSettings = {
				ALWAYS_SEARCH_USER_PATHS = NO;
				ASSETCATALOG_COMPILER_GENERATE_SWIFT_ASSET_SYMBOL_EXTENSIONS = YES;
				CLANG_ANALYZER_NONNULL = YES;
				CLANG_ANALYZER_NUMBER_OBJECT_CONVERSION = YES_AGGRESSIVE;
				CLANG_CXX_LANGUAGE_STANDARD = "gnu++20";
				CLANG_ENABLE_MODULES = YES;
				CLANG_ENABLE_OBJC_ARC = YES;
				CLANG_ENABLE_OBJC_WEAK = YES;
				CLANG_WARN_BLOCK_CAPTURE_AUTORELEASING = YES;
				CLANG_WARN_BOOL_CONVERSION = YES;
				CLANG_WARN_COMMA = YES;
				CLANG_WARN_CONSTANT_CONVERSION = YES;
				CLANG_WARN_DEPRECATED_OBJC_IMPLEMENTATIONS = YES;
				CLANG_WARN_DIRECT_OBJC_ISA_USAGE = YES_ERROR;
				CLANG_WARN_DOCUMENTATION_COMMENTS = YES;
				CLANG_WARN_EMPTY_BODY = YES;
				CLANG_WARN_ENUM_CONVERSION = YES;
				CLANG_WARN_INFINITE_RECURSION = YES;
				CLANG_WARN_INT_CONVERSION = YES;
				CLANG_WARN_NON_LITERAL_NULL_CONVERSION = YES;
				CLANG_WARN_OBJC_IMPLICIT_RETAIN_SELF = YES;
				CLANG_WARN_OBJC_LITERAL_CONVERSION = YES;
				CLANG_WARN_OBJC_ROOT_CLASS = YES_ERROR;
				CLANG_WARN_QUOTED_INCLUDE_IN_FRAMEWORK_HEADER = YES;
				CLANG_WARN_RANGE_LOOP_ANALYSIS = YES;
				CLANG_WARN_STRICT_PROTOTYPES = YES;
				CLANG_WARN_SUSPICIOUS_MOVE = YES;
				CLANG_WARN_UNGUARDED_AVAILABILITY = YES_AGGRESSIVE;
				CLANG_WARN_UNREACHABLE_CODE = YES;
				CLANG_WARN__DUPLICATE_METHOD_MATCH = YES;
				COPY_PHASE_STRIP = NO;
				DEBUG_INFORMATION_FORMAT = dwarf;
				ENABLE_STRICT_OBJC_MSGSEND = YES;
				ENABLE_TESTABILITY = YES;
				ENABLE_USER_SCRIPT_SANDBOXING = YES;
				GCC_C_LANGUAGE_STANDARD = gnu17;
				GCC_DYNAMIC_NO_PIC = NO;
				GCC_NO_COMMON_BLOCKS = YES;
				GCC_OPTIMIZATION_LEVEL = 0;
				GCC_PREPROCESSOR_DEFINITIONS = (
					"DEBUG=1",
					"$(inherited)",
				);
				GCC_WARN_64_TO_32_BIT_CONVERSION = YES;
				GCC_WARN_ABOUT_RETURN_TYPE = YES_ERROR;
				GCC_WARN_UNDECLARED_SELECTOR = YES;
				GCC_WARN_UNINITIALIZED_AUTOS = YES_AGGRESSIVE;
				GCC_WARN_UNUSED_FUNCTION = YES;
				GCC_WARN_UNUSED_VARIABLE = YES;
				LOCALIZATION_PREFERS_STRING_CATALOGS = YES;
				MACOSX_DEPLOYMENT_TARGET = 14.5;
				MTL_ENABLE_DEBUG_INFO = INCLUDE_SOURCE;
				MTL_FAST_MATH = YES;
				ONLY_ACTIVE_ARCH = YES;
				SDKROOT = macosx;
				SWIFT_ACTIVE_COMPILATION_CONDITIONS = "DEBUG $(inherited)";
				SWIFT_OPTIMIZATION_LEVEL = "-Onone";
			};
			name = Debug;
		};
		1AA6EE122C5B51FC0033FB09 /* Release */ = {
			isa = XCBuildConfiguration;
			buildSettings = {
				ALWAYS_SEARCH_USER_PATHS = NO;
				ASSETCATALOG_COMPILER_GENERATE_SWIFT_ASSET_SYMBOL_EXTENSIONS = YES;
				CLANG_ANALYZER_NONNULL = YES;
				CLANG_ANALYZER_NUMBER_OBJECT_CONVERSION = YES_AGGRESSIVE;
				CLANG_CXX_LANGUAGE_STANDARD = "gnu++20";
				CLANG_ENABLE_MODULES = YES;
				CLANG_ENABLE_OBJC_ARC = YES;
				CLANG_ENABLE_OBJC_WEAK = YES;
				CLANG_WARN_BLOCK_CAPTURE_AUTORELEASING = YES;
				CLANG_WARN_BOOL_CONVERSION = YES;
				CLANG_WARN_COMMA = YES;
				CLANG_WARN_CONSTANT_CONVERSION = YES;
				CLANG_WARN_DEPRECATED_OBJC_IMPLEMENTATIONS = YES;
				CLANG_WARN_DIRECT_OBJC_ISA_USAGE = YES_ERROR;
				CLANG_WARN_DOCUMENTATION_COMMENTS = YES;
				CLANG_WARN_EMPTY_BODY = YES;
				CLANG_WARN_ENUM_CONVERSION = YES;
				CLANG_WARN_INFINITE_RECURSION = YES;
				CLANG_WARN_INT_CONVERSION = YES;
				CLANG_WARN_NON_LITERAL_NULL_CONVERSION = YES;
				CLANG_WARN_OBJC_IMPLICIT_RETAIN_SELF = YES;
				CLANG_WARN_OBJC_LITERAL_CONVERSION = YES;
				CLANG_WARN_OBJC_ROOT_CLASS = YES_ERROR;
				CLANG_WARN_QUOTED_INCLUDE_IN_FRAMEWORK_HEADER = YES;
				CLANG_WARN_RANGE_LOOP_ANALYSIS = YES;
				CLANG_WARN_STRICT_PROTOTYPES = YES;
				CLANG_WARN_SUSPICIOUS_MOVE = YES;
				CLANG_WARN_UNGUARDED_AVAILABILITY = YES_AGGRESSIVE;
				CLANG_WARN_UNREACHABLE_CODE = YES;
				CLANG_WARN__DUPLICATE_METHOD_MATCH = YES;
				COPY_PHASE_STRIP = NO;
				DEBUG_INFORMATION_FORMAT = "dwarf-with-dsym";
				ENABLE_NS_ASSERTIONS = NO;
				ENABLE_STRICT_OBJC_MSGSEND = YES;
				ENABLE_USER_SCRIPT_SANDBOXING = YES;
				GCC_C_LANGUAGE_STANDARD = gnu17;
				GCC_NO_COMMON_BLOCKS = YES;
				GCC_WARN_64_TO_32_BIT_CONVERSION = YES;
				GCC_WARN_ABOUT_RETURN_TYPE = YES_ERROR;
				GCC_WARN_UNDECLARED_SELECTOR = YES;
				GCC_WARN_UNINITIALIZED_AUTOS = YES_AGGRESSIVE;
				GCC_WARN_UNUSED_FUNCTION = YES;
				GCC_WARN_UNUSED_VARIABLE = YES;
				LOCALIZATION_PREFERS_STRING_CATALOGS = YES;
				MACOSX_DEPLOYMENT_TARGET = 14.5;
				MTL_ENABLE_DEBUG_INFO = NO;
				MTL_FAST_MATH = YES;
				SDKROOT = macosx;
				SWIFT_COMPILATION_MODE = wholemodule;
			};
			name = Release;
		};
		1AA6EE142C5B51FC0033FB09 /* Debug */ = {
			isa = XCBuildConfiguration;
			buildSettings = {
				ASSETCATALOG_COMPILER_APPICON_NAME = AppIcon;
				ASSETCATALOG_COMPILER_GLOBAL_ACCENT_COLOR_NAME = AccentColor;
				CODE_SIGN_ENTITLEMENTS = Todo/Todo.entitlements;
				CODE_SIGN_STYLE = Automatic;
				COMBINE_HIDPI_IMAGES = YES;
				CURRENT_PROJECT_VERSION = 1;
				DEVELOPMENT_ASSET_PATHS = "\"Todo/Preview Content\"";
				ENABLE_PREVIEWS = YES;
				GENERATE_INFOPLIST_FILE = YES;
				INFOPLIST_KEY_NSHumanReadableCopyright = "";
				LD_RUNPATH_SEARCH_PATHS = (
					"$(inherited)",
					"@executable_path/../Frameworks",
				);
				MARKETING_VERSION = 1.0;
				PRODUCT_BUNDLE_IDENTIFIER = info.practice.Todo;
				PRODUCT_NAME = "$(TARGET_NAME)";
				SWIFT_EMIT_LOC_STRINGS = YES;
				SWIFT_VERSION = 5.0;
			};
			name = Debug;
		};
		1AA6EE152C5B51FC0033FB09 /* Release */ = {
			isa = XCBuildConfiguration;
			buildSettings = {
				ASSETCATALOG_COMPILER_APPICON_NAME = AppIcon;
				ASSETCATALOG_COMPILER_GLOBAL_ACCENT_COLOR_NAME = AccentColor;
				CODE_SIGN_ENTITLEMENTS = Todo/Todo.entitlements;
				CODE_SIGN_STYLE = Automatic;
				COMBINE_HIDPI_IMAGES = YES;
				CURRENT_PROJECT_VERSION = 1;
				DEVELOPMENT_ASSET_PATHS = "\"Todo/Preview Content\"";
				ENABLE_PREVIEWS = YES;
				GENERATE_INFOPLIST_FILE = YES;
				INFOPLIST_KEY_NSHumanReadableCopyright = "";
				LD_RUNPATH_SEARCH_PATHS = (
					"$(inherited)",
					"@executable_path/../Frameworks",
				);
				MARKETING_VERSION = 1.0;
				PRODUCT_BUNDLE_IDENTIFIER = info.practice.Todo;
				PRODUCT_NAME = "$(TARGET_NAME)";
				SWIFT_EMIT_LOC_STRINGS = YES;
				SWIFT_VERSION = 5.0;
			};
			name = Release;
		};
		1AA6EE172C5B51FC0033FB09 /* Debug */ = {
			isa = XCBuildConfiguration;
			buildSettings = {
				ALWAYS_EMBED_SWIFT_STANDARD_LIBRARIES = YES;
				BUNDLE_LOADER = "$(TEST_HOST)";
				CODE_SIGN_STYLE = Automatic;
				CURRENT_PROJECT_VERSION = 1;
				GENERATE_INFOPLIST_FILE = YES;
				MACOSX_DEPLOYMENT_TARGET = 14.5;
				MARKETING_VERSION = 1.0;
				PRODUCT_BUNDLE_IDENTIFIER = info.practice.TodoTests;
				PRODUCT_NAME = "$(TARGET_NAME)";
				SWIFT_EMIT_LOC_STRINGS = NO;
				SWIFT_VERSION = 5.0;
				TEST_HOST = "$(BUILT_PRODUCTS_DIR)/Todo.app/$(BUNDLE_EXECUTABLE_FOLDER_PATH)/Todo";
			};
			name = Debug;
		};
		1AA6EE182C5B51FC0033FB09 /* Release */ = {
			isa = XCBuildConfiguration;
			buildSettings = {
				ALWAYS_EMBED_SWIFT_STANDARD_LIBRARIES = YES;
				BUNDLE_LOADER = "$(TEST_HOST)";
				CODE_SIGN_STYLE = Automatic;
				CURRENT_PROJECT_VERSION = 1;
				GENERATE_INFOPLIST_FILE = YES;
				MACOSX_DEPLOYMENT_TARGET = 14.5;
				MARKETING_VERSION = 1.0;
				PRODUCT_BUNDLE_IDENTIFIER = info.practice.TodoTests;
				PRODUCT_NAME = "$(TARGET_NAME)";
				SWIFT_EMIT_LOC_STRINGS = NO;
				SWIFT_VERSION = 5.0;
				TEST_HOST = "$(BUILT_PRODUCTS_DIR)/Todo.app/$(BUNDLE_EXECUTABLE_FOLDER_PATH)/Todo";
			};
			name = Release;
		};
		1AA6EE1A2C5B51FC0033FB09 /* Debug */ = {
			isa = XCBuildConfiguration;
			buildSettings = {
				ALWAYS_EMBED_SWIFT_STANDARD_LIBRARIES = YES;
				CODE_SIGN_STYLE = Automatic;
				CURRENT_PROJECT_VERSION = 1;
				GENERATE_INFOPLIST_FILE = YES;
				MARKETING_VERSION = 1.0;
				PRODUCT_BUNDLE_IDENTIFIER = info.practice.TodoUITests;
				PRODUCT_NAME = "$(TARGET_NAME)";
				SWIFT_EMIT_LOC_STRINGS = NO;
				SWIFT_VERSION = 5.0;
				TEST_TARGET_NAME = Todo;
			};
			name = Debug;
		};
		1AA6EE1B2C5B51FC0033FB09 /* Release */ = {
			isa = XCBuildConfiguration;
			buildSettings = {
				ALWAYS_EMBED_SWIFT_STANDARD_LIBRARIES = YES;
				CODE_SIGN_STYLE = Automatic;
				CURRENT_PROJECT_VERSION = 1;
				GENERATE_INFOPLIST_FILE = YES;
				MARKETING_VERSION = 1.0;
				PRODUCT_BUNDLE_IDENTIFIER = info.practice.TodoUITests;
				PRODUCT_NAME = "$(TARGET_NAME)";
				SWIFT_EMIT_LOC_STRINGS = NO;
				SWIFT_VERSION = 5.0;
				TEST_TARGET_NAME = Todo;
			};
			name = Release;
		};
/* End XCBuildConfiguration section */

/* Begin XCConfigurationList section */
		1AA6EDE92C5B51FB0033FB09 /* Build configuration list for PBXProject "Todo" */ = {
			isa = XCConfigurationList;
			buildConfigurations = (
				1AA6EE112C5B51FC0033FB09 /* Debug */,
				1AA6EE122C5B51FC0033FB09 /* Release */,
			);
			defaultConfigurationIsVisible = 0;
			defaultConfigurationName = Release;
		};
		1AA6EE132C5B51FC0033FB09 /* Build configuration list for PBXNativeTarget "Todo" */ = {
			isa = XCConfigurationList;
			buildConfigurations = (
				1AA6EE142C5B51FC0033FB09 /* Debug */,
				1AA6EE152C5B51FC0033FB09 /* Release */,
			);
			defaultConfigurationIsVisible = 0;
			defaultConfigurationName = Release;
		};
		1AA6EE162C5B51FC0033FB09 /* Build configuration list for PBXNativeTarget "TodoTests" */ = {
			isa = XCConfigurationList;
			buildConfigurations = (
				1AA6EE172C5B51FC0033FB09 /* Debug */,
				1AA6EE182C5B51FC0033FB09 /* Release */,
			);
			defaultConfigurationIsVisible = 0;
			defaultConfigurationName = Release;
		};
		1AA6EE192C5B51FC0033FB09 /* Build configuration list for PBXNativeTarget "TodoUITests" */ = {
			isa = XCConfigurationList;
			buildConfigurations = (
				1AA6EE1A2C5B51FC0033FB09 /* Debug */,
				1AA6EE1B2C5B51FC0033FB09 /* Release */,
			);
			defaultConfigurationIsVisible = 0;
			defaultConfigurationName = Release;
		};
/* End XCConfigurationList section */
	};
	rootObject = 1AA6EDE62C5B51FB0033FB09 /* Project object */;
}
